
Microsoft Visual Studio Solution File, Format Version 12.00
# Visual Studio Version 16
VisualStudioVersion = 16.0.29806.167
MinimumVisualStudioVersion = 10.0.40219.1
Project("{9A19103F-16F7-4668-BE54-9A1E7A4F7556}") = "EntityModels", "EntityModels\EntityModels.csproj", "{11B634CE-C0F8-4B55-A569-96575C6BC78E}"
EndProject
Project("{9A19103F-16F7-4668-BE54-9A1E7A4F7556}") = "WebAPI", "WebAPI\WebAPI.csproj", "{DAA1DB63-B22B-484B-B0FD-6FCDEEA113E8}"
EndProject
Project("{2150E333-8FDC-42A3-9474-1A3956D46DE8}") = "DataAccess", "DataAccess", "{FDE7A25A-A0E3-46C0-9B20-416B85A2683D}"
EndProject
Project("{9A19103F-16F7-4668-BE54-9A1E7A4F7556}") = "Repository", "Repository\Repository.csproj", "{FB386FE6-0683-40DF-BFF1-B381953CBD77}"
EndProject
Project("{2150E333-8FDC-42A3-9474-1A3956D46DE8}") = "Business", "Business", "{E5B63544-015C-4DD9-83E9-B991D3DB1C40}"
EndProject
Project("{9A19103F-16F7-4668-BE54-9A1E7A4F7556}") = "Service", "Service\Service.csproj", "{090EB7C4-257D-4A15-9BAD-8A5AA6363D9C}"
EndProject
Project("{2150E333-8FDC-42A3-9474-1A3956D46DE8}") = "Solution Items", "Solution Items", "{0C17BEE3-1C48-4D45-A19B-3B383AF9449A}"
	ProjectSection(SolutionItems) = preProject
		Default.html = Default.html
	EndProjectSection
EndProject
Project("{E24C65DC-7377-472B-9ABA-BC803B73C61A}") = "src", "app\src\", "{0970FA5B-94C5-4913-9B6C-AADBE84DA90D}"
	ProjectSection(WebsiteProperties) = preProject
		TargetFrameworkMoniker = ".NETFramework,Version%3Dv4.0"
		Debug.AspNetCompiler.VirtualPath = "/localhost_7112"
		Debug.AspNetCompiler.PhysicalPath = "app\src\"
		Debug.AspNetCompiler.TargetPath = "PrecompiledWeb\localhost_7112\"
		Debug.AspNetCompiler.Updateable = "true"
		Debug.AspNetCompiler.ForceOverwrite = "true"
		Debug.AspNetCompiler.FixedNames = "false"
		Debug.AspNetCompiler.Debug = "True"
		Release.AspNetCompiler.VirtualPath = "/localhost_7112"
		Release.AspNetCompiler.PhysicalPath = "app\src\"
		Release.AspNetCompiler.TargetPath = "PrecompiledWeb\localhost_7112\"
		Release.AspNetCompiler.Updateable = "true"
		Release.AspNetCompiler.ForceOverwrite = "true"
		Release.AspNetCompiler.FixedNames = "false"
		Release.AspNetCompiler.Debug = "False"
		VWDPort = "7112"
		SlnRelativePath = "app\src\"
	EndProjectSection
EndProject
Project("{9A19103F-16F7-4668-BE54-9A1E7A4F7556}") = "ApiTest", "ApiTest\ApiTest.csproj", "{BB2F7922-4389-495E-BF20-B6E09CDF7222}"
EndProject
Project("{2150E333-8FDC-42A3-9474-1A3956D46DE8}") = "Presentation", "Presentation", "{A59978DE-4F75-4DEF-868B-F233217DCEAC}"
EndProject
Project("{FAE04EC0-301F-11D3-BF4B-00C04F79EFBC}") = "ServiceTemplate", "ServiceTemplate\ServiceTemplate.csproj", "{9F3B5AA6-6E8E-43F5-95ED-8EA0E726195C}"
EndProject
Global
	GlobalSection(SolutionConfigurationPlatforms) = preSolution
		Debug|Any CPU = Debug|Any CPU
		Release|Any CPU = Release|Any CPU
	EndGlobalSection
	GlobalSection(ProjectConfigurationPlatforms) = postSolution
		{11B634CE-C0F8-4B55-A569-96575C6BC78E}.Debug|Any CPU.ActiveCfg = Debug|Any CPU
		{11B634CE-C0F8-4B55-A569-96575C6BC78E}.Debug|Any CPU.Build.0 = Debug|Any CPU
		{11B634CE-C0F8-4B55-A569-96575C6BC78E}.Release|Any CPU.ActiveCfg = Release|Any CPU
		{11B634CE-C0F8-4B55-A569-96575C6BC78E}.Release|Any CPU.Build.0 = Release|Any CPU
		{DAA1DB63-B22B-484B-B0FD-6FCDEEA113E8}.Debug|Any CPU.ActiveCfg = Debug|Any CPU
		{DAA1DB63-B22B-484B-B0FD-6FCDEEA113E8}.Debug|Any CPU.Build.0 = Debug|Any CPU
		{DAA1DB63-B22B-484B-B0FD-6FCDEEA113E8}.Release|Any CPU.ActiveCfg = Release|Any CPU
		{DAA1DB63-B22B-484B-B0FD-6FCDEEA113E8}.Release|Any CPU.Build.0 = Release|Any CPU
		{FB386FE6-0683-40DF-BFF1-B381953CBD77}.Debug|Any CPU.ActiveCfg = Debug|Any CPU
		{FB386FE6-0683-40DF-BFF1-B381953CBD77}.Debug|Any CPU.Build.0 = Debug|Any CPU
		{FB386FE6-0683-40DF-BFF1-B381953CBD77}.Release|Any CPU.ActiveCfg = Release|Any CPU
		{FB386FE6-0683-40DF-BFF1-B381953CBD77}.Release|Any CPU.Build.0 = Release|Any CPU
		{090EB7C4-257D-4A15-9BAD-8A5AA6363D9C}.Debug|Any CPU.ActiveCfg = Debug|Any CPU
		{090EB7C4-257D-4A15-9BAD-8A5AA6363D9C}.Debug|Any CPU.Build.0 = Debug|Any CPU
		{090EB7C4-257D-4A15-9BAD-8A5AA6363D9C}.Release|Any CPU.ActiveCfg = Release|Any CPU
		{090EB7C4-257D-4A15-9BAD-8A5AA6363D9C}.Release|Any CPU.Build.0 = Release|Any CPU
		{0970FA5B-94C5-4913-9B6C-AADBE84DA90D}.Debug|Any CPU.ActiveCfg = Debug|Any CPU
		{0970FA5B-94C5-4913-9B6C-AADBE84DA90D}.Debug|Any CPU.Build.0 = Debug|Any CPU
		{0970FA5B-94C5-4913-9B6C-AADBE84DA90D}.Release|Any CPU.ActiveCfg = Debug|Any CPU
		{0970FA5B-94C5-4913-9B6C-AADBE84DA90D}.Release|Any CPU.Build.0 = Debug|Any CPU
		{BB2F7922-4389-495E-BF20-B6E09CDF7222}.Debug|Any CPU.ActiveCfg = Debug|Any CPU
		{BB2F7922-4389-495E-BF20-B6E09CDF7222}.Debug|Any CPU.Build.0 = Debug|Any CPU
		{BB2F7922-4389-495E-BF20-B6E09CDF7222}.Release|Any CPU.ActiveCfg = Release|Any CPU
		{BB2F7922-4389-495E-BF20-B6E09CDF7222}.Release|Any CPU.Build.0 = Release|Any CPU
		{9F3B5AA6-6E8E-43F5-95ED-8EA0E726195C}.Debug|Any CPU.ActiveCfg = Debug|Any CPU
		{9F3B5AA6-6E8E-43F5-95ED-8EA0E726195C}.Debug|Any CPU.Build.0 = Debug|Any CPU
		{9F3B5AA6-6E8E-43F5-95ED-8EA0E726195C}.Release|Any CPU.ActiveCfg = Release|Any CPU
		{9F3B5AA6-6E8E-43F5-95ED-8EA0E726195C}.Release|Any CPU.Build.0 = Release|Any CPU
	EndGlobalSection
	GlobalSection(SolutionProperties) = preSolution
		HideSolutionNode = FALSE
	EndGlobalSection
	GlobalSection(NestedProjects) = preSolution
		{11B634CE-C0F8-4B55-A569-96575C6BC78E} = {FDE7A25A-A0E3-46C0-9B20-416B85A2683D}
		{DAA1DB63-B22B-484B-B0FD-6FCDEEA113E8} = {A59978DE-4F75-4DEF-868B-F233217DCEAC}
		{FB386FE6-0683-40DF-BFF1-B381953CBD77} = {FDE7A25A-A0E3-46C0-9B20-416B85A2683D}
		{090EB7C4-257D-4A15-9BAD-8A5AA6363D9C} = {E5B63544-015C-4DD9-83E9-B991D3DB1C40}
		{0970FA5B-94C5-4913-9B6C-AADBE84DA90D} = {A59978DE-4F75-4DEF-868B-F233217DCEAC}
		{BB2F7922-4389-495E-BF20-B6E09CDF7222} = {A59978DE-4F75-4DEF-868B-F233217DCEAC}
		{9F3B5AA6-6E8E-43F5-95ED-8EA0E726195C} = {0C17BEE3-1C48-4D45-A19B-3B383AF9449A}
	EndGlobalSection
	GlobalSection(ExtensibilityGlobals) = postSolution
		SolutionGuid = {05891EF5-ADB1-4CB1-930F-F4587799F0DC}
	EndGlobalSection
EndGlobal
